
Microsoft Visual Studio Solution File, Format Version 12.00
# Visual Studio Version 17
VisualStudioVersion = 17.5.33627.172
MinimumVisualStudioVersion = 10.0.40219.1
Project("{FAE04EC0-301F-11D3-BF4B-00C04F79EFBC}") = "tienda-electronica-api-server", "tienda-electronica-api-server.csproj", "{BEA22881-C8B6-4DE0-A0C8-BF4FD61BE5F9}"
EndProject
Global
	GlobalSection(SolutionConfigurationPlatforms) = preSolution
		Debug|Any CPU = Debug|Any CPU
		Release|Any CPU = Release|Any CPU
	EndGlobalSection
	GlobalSection(ProjectConfigurationPlatforms) = postSolution
		{BEA22881-C8B6-4DE0-A0C8-BF4FD61BE5F9}.Debug|Any CPU.ActiveCfg = Debug|Any CPU
		{BEA22881-C8B6-4DE0-A0C8-BF4FD61BE5F9}.Debug|Any CPU.Build.0 = Debug|Any CPU
		{BEA22881-C8B6-4DE0-A0C8-BF4FD61BE5F9}.Release|Any CPU.ActiveCfg = Release|Any CPU
		{BEA22881-C8B6-4DE0-A0C8-BF4FD61BE5F9}.Release|Any CPU.Build.0 = Release|Any CPU
	EndGlobalSection
	GlobalSection(SolutionProperties) = preSolution
		HideSolutionNode = FALSE
	EndGlobalSection
	GlobalSection(ExtensibilityGlobals) = postSolution
		SolutionGuid = {48F2B71B-E29F-4D55-ABC0-249B75AA7842}
	EndGlobalSection
EndGlobal
